
Microsoft Visual Studio Solution File, Format Version 12.00
# Visual Studio Version 17
VisualStudioVersion = 17.9.34622.214
MinimumVisualStudioVersion = 10.0.40219.1
Project("{8BC9CEB8-8B4A-11D0-8D11-00A0C91BC942}") = "BigCPU", "BigCPU\BigCPU.vcxproj", "{41C0A558-D8CF-41BA-8B6A-C7F060701377}"
EndProject
Global
	GlobalSection(SolutionConfigurationPlatforms) = preSolution
		Debug|x64 = Debug|x64
		Debug|x86 = Debug|x86
		Release|x64 = Release|x64
		Release|x86 = Release|x86
	EndGlobalSection
	GlobalSection(ProjectConfigurationPlatforms) = postSolution
		{41C0A558-D8CF-41BA-8B6A-C7F060701377}.Debug|x64.ActiveCfg = Debug|x64
		{41C0A558-D8CF-41BA-8B6A-C7F060701377}.Debug|x64.Build.0 = Debug|x64
		{41C0A558-D8CF-41BA-8B6A-C7F060701377}.Debug|x86.ActiveCfg = Debug|Win32
		{41C0A558-D8CF-41BA-8B6A-C7F060701377}.Debug|x86.Build.0 = Debug|Win32
		{41C0A558-D8CF-41BA-8B6A-C7F060701377}.Release|x64.ActiveCfg = Release|x64
		{41C0A558-D8CF-41BA-8B6A-C7F060701377}.Release|x64.Build.0 = Release|x64
		{41C0A558-D8CF-41BA-8B6A-C7F060701377}.Release|x86.ActiveCfg = Release|Win32
		{41C0A558-D8CF-41BA-8B6A-C7F060701377}.Release|x86.Build.0 = Release|Win32
	EndGlobalSection
	GlobalSection(SolutionProperties) = preSolution
		HideSolutionNode = FALSE
	EndGlobalSection
	GlobalSection(ExtensibilityGlobals) = postSolution
		SolutionGuid = {821DF2D6-2086-45D5-B6EA-5297B10B7B9C}
	EndGlobalSection
EndGlobal
